
Microsoft Visual Studio Solution File, Format Version 12.00
# Visual Studio 15
VisualStudioVersion = 15.0.28307.852
MinimumVisualStudioVersion = 10.0.40219.1
Project("{FAE04EC0-301F-11D3-BF4B-00C04F79EFBC}") = "CPresentacion", "CPresentacion\CPresentacion.csproj", "{CCE83C5D-700E-4354-A1BC-53BA3EA57A7C}"
EndProject
Project("{FAE04EC0-301F-11D3-BF4B-00C04F79EFBC}") = "Datos", "Datos\Datos.csproj", "{4BCBE150-E52E-4B95-B87C-A53579436822}"
EndProject
Project("{FAE04EC0-301F-11D3-BF4B-00C04F79EFBC}") = "Negocio", "Negocio\Negocio.csproj", "{D4C3D069-7EC7-46D7-AC99-7E3E30FEFD71}"
EndProject
Global
	GlobalSection(SolutionConfigurationPlatforms) = preSolution
		Debug|Any CPU = Debug|Any CPU
		Release|Any CPU = Release|Any CPU
	EndGlobalSection
	GlobalSection(ProjectConfigurationPlatforms) = postSolution
		{CCE83C5D-700E-4354-A1BC-53BA3EA57A7C}.Debug|Any CPU.ActiveCfg = Debug|Any CPU
		{CCE83C5D-700E-4354-A1BC-53BA3EA57A7C}.Debug|Any CPU.Build.0 = Debug|Any CPU
		{CCE83C5D-700E-4354-A1BC-53BA3EA57A7C}.Release|Any CPU.ActiveCfg = Release|Any CPU
		{CCE83C5D-700E-4354-A1BC-53BA3EA57A7C}.Release|Any CPU.Build.0 = Release|Any CPU
		{4BCBE150-E52E-4B95-B87C-A53579436822}.Debug|Any CPU.ActiveCfg = Debug|Any CPU
		{4BCBE150-E52E-4B95-B87C-A53579436822}.Debug|Any CPU.Build.0 = Debug|Any CPU
		{4BCBE150-E52E-4B95-B87C-A53579436822}.Release|Any CPU.ActiveCfg = Release|Any CPU
		{4BCBE150-E52E-4B95-B87C-A53579436822}.Release|Any CPU.Build.0 = Release|Any CPU
		{D4C3D069-7EC7-46D7-AC99-7E3E30FEFD71}.Debug|Any CPU.ActiveCfg = Debug|Any CPU
		{D4C3D069-7EC7-46D7-AC99-7E3E30FEFD71}.Debug|Any CPU.Build.0 = Debug|Any CPU
		{D4C3D069-7EC7-46D7-AC99-7E3E30FEFD71}.Release|Any CPU.ActiveCfg = Release|Any CPU
		{D4C3D069-7EC7-46D7-AC99-7E3E30FEFD71}.Release|Any CPU.Build.0 = Release|Any CPU
	EndGlobalSection
	GlobalSection(SolutionProperties) = preSolution
		HideSolutionNode = FALSE
	EndGlobalSection
	GlobalSection(ExtensibilityGlobals) = postSolution
		SolutionGuid = {F52F3314-DC73-4E41-8815-AF520A9A40B4}
	EndGlobalSection
EndGlobal
